
Microsoft Visual Studio Solution File, Format Version 12.00
# Visual Studio Version 17
VisualStudioVersion = 17.14.36717.8
MinimumVisualStudioVersion = 10.0.40219.1
Project("{8BC9CEB8-8B4A-11D0-8D11-00A0C91BC942}") = "REQ_Shared", "REQ_Shared\REQ_Shared.vcxproj", "{E0827368-F2BE-477A-96C8-85D940C138D0}"
EndProject
Project("{8BC9CEB8-8B4A-11D0-8D11-00A0C91BC942}") = "REQ_LoginServer", "REQ_LoginServer\REQ_LoginServer.vcxproj", "{24D29CB0-2D93-4CC3-8648-0557F21CFF13}"
EndProject
Project("{8BC9CEB8-8B4A-11D0-8D11-00A0C91BC942}") = "REQ_WorldServer", "REQ_WorldServer\REQ_WorldServer.vcxproj", "{FA1F5481-0EB9-4453-8307-3B028CEB6A6F}"
EndProject
Project("{8BC9CEB8-8B4A-11D0-8D11-00A0C91BC942}") = "REQ_ZoneServer", "REQ_ZoneServer\REQ_ZoneServer.vcxproj", "{EA245A3B-BCB3-4AFA-8467-AECE6DAC73B2}"
EndProject
Project("{8BC9CEB8-8B4A-11D0-8D11-00A0C91BC942}") = "REQ_ChatServer", "REQ_ChatServer\REQ_ChatServer.vcxproj", "{293520D6-04A6-4E6A-9EC3-853267895D4B}"
EndProject
Project("{8BC9CEB8-8B4A-11D0-8D11-00A0C91BC942}") = "REQ_TestClient", "REQ_TestClient\REQ_TestClient.vcxproj", "{AA1DB8F1-3981-4BC5-A768-D5F91A91A7E7}"
EndProject
Project("{8BC9CEB8-8B4A-11D0-8D11-00A0C91BC942}") = "REQ_VizTestClient", "REQ_VizTestClient\REQ_VizTestClient.vcxproj", "{BF042EF8-A9AE-49B4-94AF-F3C25DDDF178}"
EndProject
Project("{8BC9CEB8-8B4A-11D0-8D11-00A0C91BC942}") = "REQ_ClientCore", "REQ_ClientCore\REQ_ClientCore.vcxproj", "{B4C7D8A1-9F2E-4A3B-8C5D-1E6F7A8B9C0D}"
EndProject
Global
	GlobalSection(SolutionConfigurationPlatforms) = preSolution
		Debug|ARM64 = Debug|ARM64
		Debug|x64 = Debug|x64
		Debug|x86 = Debug|x86
		Release|ARM64 = Release|ARM64
		Release|x64 = Release|x64
		Release|x86 = Release|x86
	EndGlobalSection
	GlobalSection(ProjectConfigurationPlatforms) = postSolution
		{E0827368-F2BE-477A-96C8-85D940C138D0}.Debug|ARM64.ActiveCfg = Debug|ARM64
		{E0827368-F2BE-477A-96C8-85D940C138D0}.Debug|ARM64.Build.0 = Debug|ARM64
		{E0827368-F2BE-477A-96C8-85D940C138D0}.Debug|x64.ActiveCfg = Debug|x64
		{E0827368-F2BE-477A-96C8-85D940C138D0}.Debug|x64.Build.0 = Debug|x64
		{E0827368-F2BE-477A-96C8-85D940C138D0}.Debug|x86.ActiveCfg = Debug|Win32
		{E0827368-F2BE-477A-96C8-85D940C138D0}.Debug|x86.Build.0 = Debug|Win32
		{E0827368-F2BE-477A-96C8-85D940C138D0}.Release|ARM64.ActiveCfg = Release|ARM64
		{E0827368-F2BE-477A-96C8-85D940C138D0}.Release|ARM64.Build.0 = Release|ARM64
		{E0827368-F2BE-477A-96C8-85D940C138D0}.Release|x64.ActiveCfg = Release|x64
		{E0827368-F2BE-477A-96C8-85D940C138D0}.Release|x64.Build.0 = Release|x64
		{E0827368-F2BE-477A-96C8-85D940C138D0}.Release|x86.ActiveCfg = Release|Win32
		{E0827368-F2BE-477A-96C8-85D940C138D0}.Release|x86.Build.0 = Release|Win32
		{24D29CB0-2D93-4CC3-8648-0557F21CFF13}.Debug|ARM64.ActiveCfg = Debug|ARM64
		{24D29CB0-2D93-4CC3-8648-0557F21CFF13}.Debug|ARM64.Build.0 = Debug|ARM64
		{24D29CB0-2D93-4CC3-8648-0557F21CFF13}.Debug|x64.ActiveCfg = Debug|x64
		{24D29CB0-2D93-4CC3-8648-0557F21CFF13}.Debug|x64.Build.0 = Debug|x64
		{24D29CB0-2D93-4CC3-8648-0557F21CFF13}.Debug|x86.ActiveCfg = Debug|Win32
		{24D29CB0-2D93-4CC3-8648-0557F21CFF13}.Debug|x86.Build.0 = Debug|Win32
		{24D29CB0-2D93-4CC3-8648-0557F21CFF13}.Release|ARM64.ActiveCfg = Release|ARM64
		{24D29CB0-2D93-4CC3-8648-0557F21CFF13}.Release|ARM64.Build.0 = Release|ARM64
		{24D29CB0-2D93-4CC3-8648-0557F21CFF13}.Release|x64.ActiveCfg = Release|x64
		{24D29CB0-2D93-4CC3-8648-0557F21CFF13}.Release|x64.Build.0 = Release|x64
		{24D29CB0-2D93-4CC3-8648-0557F21CFF13}.Release|x86.ActiveCfg = Release|Win32
		{24D29CB0-2D93-4CC3-8648-0557F21CFF13}.Release|x86.Build.0 = Release|Win32
		{FA1F5481-0EB9-4453-8307-3B028CEB6A6F}.Debug|ARM64.ActiveCfg = Debug|ARM64
		{FA1F5481-0EB9-4453-8307-3B028CEB6A6F}.Debug|ARM64.Build.0 = Debug|ARM64
		{FA1F5481-0EB9-4453-8307-3B028CEB6A6F}.Debug|x64.ActiveCfg = Debug|x64
		{FA1F5481-0EB9-4453-8307-3B028CEB6A6F}.Debug|x64.Build.0 = Debug|x64
		{FA1F5481-0EB9-4453-8307-3B028CEB6A6F}.Debug|x86.ActiveCfg = Debug|Win32
		{FA1F5481-0EB9-4453-8307-3B028CEB6A6F}.Debug|x86.Build.0 = Debug|Win32
		{FA1F5481-0EB9-4453-8307-3B028CEB6A6F}.Release|ARM64.ActiveCfg = Release|ARM64
		{FA1F5481-0EB9-4453-8307-3B028CEB6A6F}.Release|ARM64.Build.0 = Release|ARM64
		{FA1F5481-0EB9-4453-8307-3B028CEB6A6F}.Release|x64.ActiveCfg = Release|x64
		{FA1F5481-0EB9-4453-8307-3B028CEB6A6F}.Release|x64.Build.0 = Release|x64
		{FA1F5481-0EB9-4453-8307-3B028CEB6A6F}.Release|x86.ActiveCfg = Release|Win32
		{FA1F5481-0EB9-4453-8307-3B028CEB6A6F}.Release|x86.Build.0 = Release|Win32
		{EA245A3B-BCB3-4AFA-8467-AECE6DAC73B2}.Debug|ARM64.ActiveCfg = Debug|ARM64
		{EA245A3B-BCB3-4AFA-8467-AECE6DAC73B2}.Debug|ARM64.Build.0 = Debug|ARM64
		{EA245A3B-BCB3-4AFA-8467-AECE6DAC73B2}.Debug|x64.ActiveCfg = Debug|x64
		{EA245A3B-BCB3-4AFA-8467-AECE6DAC73B2}.Debug|x64.Build.0 = Debug|x64
		{EA245A3B-BCB3-4AFA-8467-AECE6DAC73B2}.Debug|x86.ActiveCfg = Debug|Win32
		{EA245A3B-BCB3-4AFA-8467-AECE6DAC73B2}.Debug|x86.Build.0 = Debug|Win32
		{EA245A3B-BCB3-4AFA-8467-AECE6DAC73B2}.Release|ARM64.ActiveCfg = Release|ARM64
		{EA245A3B-BCB3-4AFA-8467-AECE6DAC73B2}.Release|ARM64.Build.0 = Release|ARM64
		{EA245A3B-BCB3-4AFA-8467-AECE6DAC73B2}.Release|x64.ActiveCfg = Release|x64
		{EA245A3B-BCB3-4AFA-8467-AECE6DAC73B2}.Release|x64.Build.0 = Release|x64
		{EA245A3B-BCB3-4AFA-8467-AECE6DAC73B2}.Release|x86.ActiveCfg = Release|Win32
		{EA245A3B-BCB3-4AFA-8467-AECE6DAC73B2}.Release|x86.Build.0 = Release|Win32
		{293520D6-04A6-4E6A-9EC3-853267895D4B}.Debug|ARM64.ActiveCfg = Debug|ARM64
		{293520D6-04A6-4E6A-9EC3-853267895D4B}.Debug|ARM64.Build.0 = Debug|ARM64
		{293520D6-04A6-4E6A-9EC3-853267895D4B}.Debug|x64.ActiveCfg = Debug|x64
		{293520D6-04A6-4E6A-9EC3-853267895D4B}.Debug|x64.Build.0 = Debug|x64
		{293520D6-04A6-4E6A-9EC3-853267895D4B}.Debug|x86.ActiveCfg = Debug|Win32
		{293520D6-04A6-4E6A-9EC3-853267895D4B}.Debug|x86.Build.0 = Debug|Win32
		{293520D6-04A6-4E6A-9EC3-853267895D4B}.Release|ARM64.ActiveCfg = Release|ARM64
		{293520D6-04A6-4E6A-9EC3-853267895D4B}.Release|ARM64.Build.0 = Release|ARM64
		{293520D6-04A6-4E6A-9EC3-853267895D4B}.Release|x64.ActiveCfg = Release|x64
		{293520D6-04A6-4E6A-9EC3-853267895D4B}.Release|x64.Build.0 = Release|x64
		{293520D6-04A6-4E6A-9EC3-853267895D4B}.Release|x86.ActiveCfg = Release|Win32
		{293520D6-04A6-4E6A-9EC3-853267895D4B}.Release|x86.Build.0 = Release|Win32
		{AA1DB8F1-3981-4BC5-A768-D5F91A91A7E7}.Debug|ARM64.ActiveCfg = Debug|ARM64
		{AA1DB8F1-3981-4BC5-A768-D5F91A91A7E7}.Debug|ARM64.Build.0 = Debug|ARM64
		{AA1DB8F1-3981-4BC5-A768-D5F91A91A7E7}.Debug|x64.ActiveCfg = Debug|x64
		{AA1DB8F1-3981-4BC5-A768-D5F91A91A7E7}.Debug|x64.Build.0 = Debug|x64
		{AA1DB8F1-3981-4BC5-A768-D5F91A91A7E7}.Debug|x86.ActiveCfg = Debug|Win32
		{AA1DB8F1-3981-4BC5-A768-D5F91A91A7E7}.Debug|x86.Build.0 = Debug|Win32
		{AA1DB8F1-3981-4BC5-A768-D5F91A91A7E7}.Release|ARM64.ActiveCfg = Release|ARM64
		{AA1DB8F1-3981-4BC5-A768-D5F91A91A7E7}.Release|ARM64.Build.0 = Release|ARM64
		{AA1DB8F1-3981-4BC5-A768-D5F91A91A7E7}.Release|x64.ActiveCfg = Release|x64
		{AA1DB8F1-3981-4BC5-A768-D5F91A91A7E7}.Release|x64.Build.0 = Release|x64
		{AA1DB8F1-3981-4BC5-A768-D5F91A91A7E7}.Release|x86.ActiveCfg = Release|Win32
		{AA1DB8F1-3981-4BC5-A768-D5F91A91A7E7}.Release|x86.Build.0 = Release|Win32
		{BF042EF8-A9AE-49B4-94AF-F3C25DDDF178}.Debug|ARM64.ActiveCfg = Debug|ARM64
		{BF042EF8-A9AE-49B4-94AF-F3C25DDDF178}.Debug|ARM64.Build.0 = Debug|ARM64
		{BF042EF8-A9AE-49B4-94AF-F3C25DDDF178}.Debug|x64.ActiveCfg = Debug|x64
		{BF042EF8-A9AE-49B4-94AF-F3C25DDDF178}.Debug|x64.Build.0 = Debug|x64
		{BF042EF8-A9AE-49B4-94AF-F3C25DDDF178}.Debug|x86.ActiveCfg = Debug|Win32
		{BF042EF8-A9AE-49B4-94AF-F3C25DDDF178}.Debug|x86.Build.0 = Debug|Win32
		{BF042EF8-A9AE-49B4-94AF-F3C25DDDF178}.Release|ARM64.ActiveCfg = Release|ARM64
		{BF042EF8-A9AE-49B4-94AF-F3C25DDDF178}.Release|ARM64.Build.0 = Release|ARM64
		{BF042EF8-A9AE-49B4-94AF-F3C25DDDF178}.Release|x64.ActiveCfg = Release|x64
		{BF042EF8-A9AE-49B4-94AF-F3C25DDDF178}.Release|x64.Build.0 = Release|x64
		{BF042EF8-A9AE-49B4-94AF-F3C25DDDF178}.Release|x86.ActiveCfg = Release|Win32
		{BF042EF8-A9AE-49B4-94AF-F3C25DDDF178}.Release|x86.Build.0 = Release|Win32
		{B4C7D8A1-9F2E-4A3B-8C5D-1E6F7A8B9C0D}.Debug|ARM64.ActiveCfg = Debug|ARM64
		{B4C7D8A1-9F2E-4A3B-8C5D-1E6F7A8B9C0D}.Debug|ARM64.Build.0 = Debug|ARM64
		{B4C7D8A1-9F2E-4A3B-8C5D-1E6F7A8B9C0D}.Debug|x64.ActiveCfg = Debug|x64
		{B4C7D8A1-9F2E-4A3B-8C5D-1E6F7A8B9C0D}.Debug|x64.Build.0 = Debug|x64
		{B4C7D8A1-9F2E-4A3B-8C5D-1E6F7A8B9C0D}.Debug|x86.ActiveCfg = Debug|Win32
		{B4C7D8A1-9F2E-4A3B-8C5D-1E6F7A8B9C0D}.Debug|x86.Build.0 = Debug|Win32
		{B4C7D8A1-9F2E-4A3B-8C5D-1E6F7A8B9C0D}.Release|ARM64.ActiveCfg = Release|ARM64
		{B4C7D8A1-9F2E-4A3B-8C5D-1E6F7A8B9C0D}.Release|ARM64.Build.0 = Release|ARM64
		{B4C7D8A1-9F2E-4A3B-8C5D-1E6F7A8B9C0D}.Release|x64.ActiveCfg = Release|x64
		{B4C7D8A1-9F2E-4A3B-8C5D-1E6F7A8B9C0D}.Release|x64.Build.0 = Release|x64
		{B4C7D8A1-9F2E-4A3B-8C5D-1E6F7A8B9C0D}.Release|x86.ActiveCfg = Release|Win32
		{B4C7D8A1-9F2E-4A3B-8C5D-1E6F7A8B9C0D}.Release|x86.Build.0 = Release|Win32
	EndGlobalSection
	GlobalSection(SolutionProperties) = preSolution
		HideSolutionNode = FALSE
	EndGlobalSection
	GlobalSection(ExtensibilityGlobals) = postSolution
		SolutionGuid = {4C9ED13E-2A88-4AC8-AD22-3FDD5AD9B538}
	EndGlobalSection
EndGlobal
